
Microsoft Visual Studio Solution File, Format Version 12.00
# Visual Studio Version 17
VisualStudioVersion = 17.13.35507.96 d17.13
MinimumVisualStudioVersion = 10.0.40219.1
Project("{FAE04EC0-301F-11D3-BF4B-00C04F79EFBC}") = "TravellersTavern", "TravellersTavern.csproj", "{09DFBF88-407E-4282-B68A-8EB8D4436DF9}"
EndProject
Global
	GlobalSection(SolutionConfigurationPlatforms) = preSolution
		Debug|Any CPU = Debug|Any CPU
		Release|Any CPU = Release|Any CPU
	EndGlobalSection
	GlobalSection(ProjectConfigurationPlatforms) = postSolution
		{09DFBF88-407E-4282-B68A-8EB8D4436DF9}.Debug|Any CPU.ActiveCfg = Debug|Any CPU
		{09DFBF88-407E-4282-B68A-8EB8D4436DF9}.Debug|Any CPU.Build.0 = Debug|Any CPU
		{09DFBF88-407E-4282-B68A-8EB8D4436DF9}.Release|Any CPU.ActiveCfg = Release|Any CPU
		{09DFBF88-407E-4282-B68A-8EB8D4436DF9}.Release|Any CPU.Build.0 = Release|Any CPU
	EndGlobalSection
	GlobalSection(SolutionProperties) = preSolution
		HideSolutionNode = FALSE
	EndGlobalSection
	GlobalSection(ExtensibilityGlobals) = postSolution
		SolutionGuid = {C16AA48E-9DBD-41BE-974A-025C5F8AC40A}
	EndGlobalSection
EndGlobal
